
Microsoft Visual Studio Solution File, Format Version 12.00
# Visual Studio Version 16
VisualStudioVersion = 16.0.31624.102
MinimumVisualStudioVersion = 10.0.40219.1
Project("{9A19103F-16F7-4668-BE54-9A1E7A4F7556}") = "AspNetSandbox", "AspNetSandbox.csproj", "{EA90C65B-9279-4810-B897-BBC9F9D347F8}"
EndProject
Global
	GlobalSection(SolutionConfigurationPlatforms) = preSolution
		Debug|Any CPU = Debug|Any CPU
		Release|Any CPU = Release|Any CPU
	EndGlobalSection
	GlobalSection(ProjectConfigurationPlatforms) = postSolution
		{EA90C65B-9279-4810-B897-BBC9F9D347F8}.Debug|Any CPU.ActiveCfg = Debug|Any CPU
		{EA90C65B-9279-4810-B897-BBC9F9D347F8}.Debug|Any CPU.Build.0 = Debug|Any CPU
		{EA90C65B-9279-4810-B897-BBC9F9D347F8}.Release|Any CPU.ActiveCfg = Release|Any CPU
		{EA90C65B-9279-4810-B897-BBC9F9D347F8}.Release|Any CPU.Build.0 = Release|Any CPU
	EndGlobalSection
	GlobalSection(SolutionProperties) = preSolution
		HideSolutionNode = FALSE
	EndGlobalSection
	GlobalSection(ExtensibilityGlobals) = postSolution
		SolutionGuid = {45C4D813-9C48-4A68-8103-EA4D16B32AE4}
	EndGlobalSection
EndGlobal
