
Microsoft Visual Studio Solution File, Format Version 12.00
# Visual Studio Version 16
VisualStudioVersion = 16.0.31624.102
MinimumVisualStudioVersion = 10.0.40219.1
Project("{9A19103F-16F7-4668-BE54-9A1E7A4F7556}") = "AspNetSandbox", "AspNetSandbox\AspNetSandbox.csproj", "{BB8EF3E3-8178-439F-B404-B2CC9603156A}"
EndProject
Project("{9A19103F-16F7-4668-BE54-9A1E7A4F7556}") = "AspNetSandbox.text", "AspNetSandbox.text\AspNetSandbox.text.csproj", "{69F1B3B3-A0B0-4987-B9EC-91C7FA3063C3}"
	ProjectSection(ProjectDependencies) = postProject
		{BB8EF3E3-8178-439F-B404-B2CC9603156A} = {BB8EF3E3-8178-439F-B404-B2CC9603156A}
	EndProjectSection
EndProject
Global
	GlobalSection(SolutionConfigurationPlatforms) = preSolution
		Debug|Any CPU = Debug|Any CPU
		Release|Any CPU = Release|Any CPU
	EndGlobalSection
	GlobalSection(ProjectConfigurationPlatforms) = postSolution
		{BB8EF3E3-8178-439F-B404-B2CC9603156A}.Debug|Any CPU.ActiveCfg = Debug|Any CPU
		{BB8EF3E3-8178-439F-B404-B2CC9603156A}.Debug|Any CPU.Build.0 = Debug|Any CPU
		{BB8EF3E3-8178-439F-B404-B2CC9603156A}.Release|Any CPU.ActiveCfg = Release|Any CPU
		{BB8EF3E3-8178-439F-B404-B2CC9603156A}.Release|Any CPU.Build.0 = Release|Any CPU
		{69F1B3B3-A0B0-4987-B9EC-91C7FA3063C3}.Debug|Any CPU.ActiveCfg = Debug|Any CPU
		{69F1B3B3-A0B0-4987-B9EC-91C7FA3063C3}.Debug|Any CPU.Build.0 = Debug|Any CPU
		{69F1B3B3-A0B0-4987-B9EC-91C7FA3063C3}.Release|Any CPU.ActiveCfg = Release|Any CPU
		{69F1B3B3-A0B0-4987-B9EC-91C7FA3063C3}.Release|Any CPU.Build.0 = Release|Any CPU
	EndGlobalSection
	GlobalSection(SolutionProperties) = preSolution
		HideSolutionNode = FALSE
	EndGlobalSection
	GlobalSection(ExtensibilityGlobals) = postSolution
		SolutionGuid = {45C4D813-9C48-4A68-8103-EA4D16B32AE4}
	EndGlobalSection
EndGlobal
